
Microsoft Visual Studio Solution File, Format Version 12.00
# Visual Studio Version 16
VisualStudioVersion = 16.0.31613.86
MinimumVisualStudioVersion = 10.0.40219.1
Project("{FAE04EC0-301F-11D3-BF4B-00C04F79EFBC}") = "UIL", "UIL\UIL.csproj", "{B39DBA74-A610-4ED1-94B6-F21F2B9F41AE}"
EndProject
Global
	GlobalSection(SolutionConfigurationPlatforms) = preSolution
		Debug|Any CPU = Debug|Any CPU
		Release|Any CPU = Release|Any CPU
	EndGlobalSection
	GlobalSection(ProjectConfigurationPlatforms) = postSolution
		{B39DBA74-A610-4ED1-94B6-F21F2B9F41AE}.Debug|Any CPU.ActiveCfg = Debug|Any CPU
		{B39DBA74-A610-4ED1-94B6-F21F2B9F41AE}.Debug|Any CPU.Build.0 = Debug|Any CPU
		{B39DBA74-A610-4ED1-94B6-F21F2B9F41AE}.Release|Any CPU.ActiveCfg = Release|Any CPU
		{B39DBA74-A610-4ED1-94B6-F21F2B9F41AE}.Release|Any CPU.Build.0 = Release|Any CPU
	EndGlobalSection
	GlobalSection(SolutionProperties) = preSolution
		HideSolutionNode = FALSE
	EndGlobalSection
	GlobalSection(ExtensibilityGlobals) = postSolution
		SolutionGuid = {52977CB0-EC55-441F-8BFF-7D8A6E7FDF04}
	EndGlobalSection
EndGlobal
